
Microsoft Visual Studio Solution File, Format Version 12.00
# Visual Studio Version 16
VisualStudioVersion = 16.0.29020.237
MinimumVisualStudioVersion = 10.0.40219.1
Project("{FAE04EC0-301F-11D3-BF4B-00C04F79EFBC}") = "FlashyThing", "FlashyThing\FlashyThing.csproj", "{657D76B3-9BB3-477D-9E40-4E779F8C641D}"
EndProject
Global
	GlobalSection(SolutionConfigurationPlatforms) = preSolution
		Debug|Any CPU = Debug|Any CPU
		Release|Any CPU = Release|Any CPU
	EndGlobalSection
	GlobalSection(ProjectConfigurationPlatforms) = postSolution
		{657D76B3-9BB3-477D-9E40-4E779F8C641D}.Debug|Any CPU.ActiveCfg = Debug|Any CPU
		{657D76B3-9BB3-477D-9E40-4E779F8C641D}.Debug|Any CPU.Build.0 = Debug|Any CPU
		{657D76B3-9BB3-477D-9E40-4E779F8C641D}.Release|Any CPU.ActiveCfg = Release|Any CPU
		{657D76B3-9BB3-477D-9E40-4E779F8C641D}.Release|Any CPU.Build.0 = Release|Any CPU
	EndGlobalSection
	GlobalSection(SolutionProperties) = preSolution
		HideSolutionNode = FALSE
	EndGlobalSection
	GlobalSection(ExtensibilityGlobals) = postSolution
		SolutionGuid = {ED95C9EE-0162-481A-B4F1-FFB0576AA5BA}
	EndGlobalSection
EndGlobal
