
Microsoft Visual Studio Solution File, Format Version 12.00
# Visual Studio Version 16
VisualStudioVersion = 16.0.29020.237
MinimumVisualStudioVersion = 10.0.40219.1
Project("{9A19103F-16F7-4668-BE54-9A1E7A4F7556}") = "Queries", "Queries.csproj", "{86747C12-FF92-4B32-8AFC-FA81E93F0B73}"
EndProject
Project("{FAE04EC0-301F-11D3-BF4B-00C04F79EFBC}") = "Cars", "..\Cars\Cars.csproj", "{5E26B3A6-EF44-46FC-BCA9-4CE184547881}"
EndProject
Global
	GlobalSection(SolutionConfigurationPlatforms) = preSolution
		Debug|Any CPU = Debug|Any CPU
		Release|Any CPU = Release|Any CPU
	EndGlobalSection
	GlobalSection(ProjectConfigurationPlatforms) = postSolution
		{86747C12-FF92-4B32-8AFC-FA81E93F0B73}.Debug|Any CPU.ActiveCfg = Debug|Any CPU
		{86747C12-FF92-4B32-8AFC-FA81E93F0B73}.Debug|Any CPU.Build.0 = Debug|Any CPU
		{86747C12-FF92-4B32-8AFC-FA81E93F0B73}.Release|Any CPU.ActiveCfg = Release|Any CPU
		{86747C12-FF92-4B32-8AFC-FA81E93F0B73}.Release|Any CPU.Build.0 = Release|Any CPU
		{5E26B3A6-EF44-46FC-BCA9-4CE184547881}.Debug|Any CPU.ActiveCfg = Debug|Any CPU
		{5E26B3A6-EF44-46FC-BCA9-4CE184547881}.Debug|Any CPU.Build.0 = Debug|Any CPU
		{5E26B3A6-EF44-46FC-BCA9-4CE184547881}.Release|Any CPU.ActiveCfg = Release|Any CPU
		{5E26B3A6-EF44-46FC-BCA9-4CE184547881}.Release|Any CPU.Build.0 = Release|Any CPU
	EndGlobalSection
	GlobalSection(SolutionProperties) = preSolution
		HideSolutionNode = FALSE
	EndGlobalSection
	GlobalSection(ExtensibilityGlobals) = postSolution
		SolutionGuid = {442F71A3-B5E3-467C-A2FC-B8652EADBC4D}
	EndGlobalSection
EndGlobal
