
Microsoft Visual Studio Solution File, Format Version 12.00
# Visual Studio Version 16
VisualStudioVersion = 16.0.29020.237
MinimumVisualStudioVersion = 10.0.40219.1
Project("{FAE04EC0-301F-11D3-BF4B-00C04F79EFBC}") = "ButtonsInApp", "BuildAnApp\ButtonsInApp.csproj", "{D13C0626-CDB8-45EB-8829-58B628714D68}"
EndProject
Project("{2150E333-8FDC-42A3-9474-1A3956D46DE8}") = "NextOneSolo", "NextOneSolo", "{7642DC7E-4715-475A-A52F-476AE644E7F6}"
EndProject
Global
	GlobalSection(SolutionConfigurationPlatforms) = preSolution
		Debug|Any CPU = Debug|Any CPU
		Release|Any CPU = Release|Any CPU
	EndGlobalSection
	GlobalSection(ProjectConfigurationPlatforms) = postSolution
		{D13C0626-CDB8-45EB-8829-58B628714D68}.Debug|Any CPU.ActiveCfg = Debug|Any CPU
		{D13C0626-CDB8-45EB-8829-58B628714D68}.Debug|Any CPU.Build.0 = Debug|Any CPU
		{D13C0626-CDB8-45EB-8829-58B628714D68}.Release|Any CPU.ActiveCfg = Release|Any CPU
		{D13C0626-CDB8-45EB-8829-58B628714D68}.Release|Any CPU.Build.0 = Release|Any CPU
	EndGlobalSection
	GlobalSection(SolutionProperties) = preSolution
		HideSolutionNode = FALSE
	EndGlobalSection
	GlobalSection(ExtensibilityGlobals) = postSolution
		SolutionGuid = {8244ADAD-9E9F-4291-A409-1BE6375367AB}
	EndGlobalSection
EndGlobal
