
Microsoft Visual Studio Solution File, Format Version 12.00
# Visual Studio Version 16
VisualStudioVersion = 16.0.29020.237
MinimumVisualStudioVersion = 10.0.40219.1
Project("{9A19103F-16F7-4668-BE54-9A1E7A4F7556}") = "StatisticsExtensions", "StatisticsExtensions\StatisticsExtensions.csproj", "{82878641-CF43-4A63-BEFD-1F51280174D4}"
EndProject
Project("{FAE04EC0-301F-11D3-BF4B-00C04F79EFBC}") = "StatisticsExtensionsTests", "StatisticsExtensionsTests\StatisticsExtensionsTests.csproj", "{C576421C-DCAF-4B2E-8CB2-1ADFAB6F807E}"
EndProject
Global
	GlobalSection(SolutionConfigurationPlatforms) = preSolution
		Debug|Any CPU = Debug|Any CPU
		Release|Any CPU = Release|Any CPU
	EndGlobalSection
	GlobalSection(ProjectConfigurationPlatforms) = postSolution
		{82878641-CF43-4A63-BEFD-1F51280174D4}.Debug|Any CPU.ActiveCfg = Debug|Any CPU
		{82878641-CF43-4A63-BEFD-1F51280174D4}.Debug|Any CPU.Build.0 = Debug|Any CPU
		{82878641-CF43-4A63-BEFD-1F51280174D4}.Release|Any CPU.ActiveCfg = Release|Any CPU
		{82878641-CF43-4A63-BEFD-1F51280174D4}.Release|Any CPU.Build.0 = Release|Any CPU
		{C576421C-DCAF-4B2E-8CB2-1ADFAB6F807E}.Debug|Any CPU.ActiveCfg = Debug|Any CPU
		{C576421C-DCAF-4B2E-8CB2-1ADFAB6F807E}.Debug|Any CPU.Build.0 = Debug|Any CPU
		{C576421C-DCAF-4B2E-8CB2-1ADFAB6F807E}.Release|Any CPU.ActiveCfg = Release|Any CPU
		{C576421C-DCAF-4B2E-8CB2-1ADFAB6F807E}.Release|Any CPU.Build.0 = Release|Any CPU
	EndGlobalSection
	GlobalSection(SolutionProperties) = preSolution
		HideSolutionNode = FALSE
	EndGlobalSection
	GlobalSection(ExtensibilityGlobals) = postSolution
		SolutionGuid = {BCC1691A-D81F-4D68-8B6E-A0177885F373}
	EndGlobalSection
EndGlobal
