
Microsoft Visual Studio Solution File, Format Version 12.00
# Visual Studio Version 16
VisualStudioVersion = 16.0.29020.237
MinimumVisualStudioVersion = 10.0.40219.1
Project("{FAE04EC0-301F-11D3-BF4B-00C04F79EFBC}") = "InsertANodeAtTheTheHeadOfALinkedList", "InsertANodeAtTheTheHeadOfALinkedList\InsertANodeAtTheTheHeadOfALinkedList.csproj", "{4C9DA483-C4AA-40CA-9999-65202E49DA55}"
EndProject
Global
	GlobalSection(SolutionConfigurationPlatforms) = preSolution
		Debug|Any CPU = Debug|Any CPU
		Release|Any CPU = Release|Any CPU
	EndGlobalSection
	GlobalSection(ProjectConfigurationPlatforms) = postSolution
		{4C9DA483-C4AA-40CA-9999-65202E49DA55}.Debug|Any CPU.ActiveCfg = Debug|Any CPU
		{4C9DA483-C4AA-40CA-9999-65202E49DA55}.Debug|Any CPU.Build.0 = Debug|Any CPU
		{4C9DA483-C4AA-40CA-9999-65202E49DA55}.Release|Any CPU.ActiveCfg = Release|Any CPU
		{4C9DA483-C4AA-40CA-9999-65202E49DA55}.Release|Any CPU.Build.0 = Release|Any CPU
	EndGlobalSection
	GlobalSection(SolutionProperties) = preSolution
		HideSolutionNode = FALSE
	EndGlobalSection
	GlobalSection(ExtensibilityGlobals) = postSolution
		SolutionGuid = {BB0BF7B8-A488-4849-9587-92005B9194F2}
	EndGlobalSection
EndGlobal
